
Microsoft Visual Studio Solution File, Format Version 12.00
# Visual Studio 2012
Project("{FAE04EC0-301F-11D3-BF4B-00C04F79EFBC}") = "Warikan", "Warikan\Warikan.csproj", "{DACCE9C3-7401-4BCC-8D02-0A2CD9EF990A}"
EndProject
Global
	GlobalSection(SolutionConfigurationPlatforms) = preSolution
		Debug|iPhoneSimulator = Debug|iPhoneSimulator
		Release|iPhone = Release|iPhone
		Release|iPhoneSimulator = Release|iPhoneSimulator
		Debug|iPhone = Debug|iPhone
	EndGlobalSection
	GlobalSection(ProjectConfigurationPlatforms) = postSolution
		{DACCE9C3-7401-4BCC-8D02-0A2CD9EF990A}.Debug|iPhoneSimulator.ActiveCfg = Debug|iPhoneSimulator
		{DACCE9C3-7401-4BCC-8D02-0A2CD9EF990A}.Debug|iPhoneSimulator.Build.0 = Debug|iPhoneSimulator
		{DACCE9C3-7401-4BCC-8D02-0A2CD9EF990A}.Release|iPhone.ActiveCfg = Release|iPhone
		{DACCE9C3-7401-4BCC-8D02-0A2CD9EF990A}.Release|iPhone.Build.0 = Release|iPhone
		{DACCE9C3-7401-4BCC-8D02-0A2CD9EF990A}.Release|iPhoneSimulator.ActiveCfg = Release|iPhoneSimulator
		{DACCE9C3-7401-4BCC-8D02-0A2CD9EF990A}.Release|iPhoneSimulator.Build.0 = Release|iPhoneSimulator
		{DACCE9C3-7401-4BCC-8D02-0A2CD9EF990A}.Debug|iPhone.ActiveCfg = Debug|iPhone
		{DACCE9C3-7401-4BCC-8D02-0A2CD9EF990A}.Debug|iPhone.Build.0 = Debug|iPhone
	EndGlobalSection
EndGlobal
